
Microsoft Visual Studio Solution File, Format Version 12.00
# Visual Studio 15
Project("{FAE04EC0-301F-11D3-BF4B-00C04F79EFBC}") = "Assembly-CSharp", "Assembly-CSharp.csproj", "{6481B6A3-FC13-11E3-625C-CA1466438D59}"
EndProject
Project("{FAE04EC0-301F-11D3-BF4B-00C04F79EFBC}") = "Assembly-CSharp-firstpass", "Assembly-CSharp-firstpass.csproj", "{5F968727-9075-8B3D-A532-EB7DEA8DB257}"
EndProject
Project("{FAE04EC0-301F-11D3-BF4B-00C04F79EFBC}") = "Assembly-CSharp-Editor-firstpass", "Assembly-CSharp-Editor-firstpass.csproj", "{3BF947F6-A50E-4492-5EE0-27A0D8576A11}"
EndProject
Project("{FAE04EC0-301F-11D3-BF4B-00C04F79EFBC}") = "Assembly-CSharp-Editor", "Assembly-CSharp-Editor.csproj", "{A1915E99-B947-900E-530D-03EE7A10DFD3}"
EndProject
Global
	GlobalSection(SolutionConfigurationPlatforms) = preSolution
		Debug|Any CPU = Debug|Any CPU
		Release|Any CPU = Release|Any CPU
	EndGlobalSection
	GlobalSection(ProjectConfigurationPlatforms) = postSolution
		{6481B6A3-FC13-11E3-625C-CA1466438D59}.Debug|Any CPU.ActiveCfg = Debug|Any CPU
		{6481B6A3-FC13-11E3-625C-CA1466438D59}.Debug|Any CPU.Build.0 = Debug|Any CPU
		{6481B6A3-FC13-11E3-625C-CA1466438D59}.Release|Any CPU.ActiveCfg = Release|Any CPU
		{6481B6A3-FC13-11E3-625C-CA1466438D59}.Release|Any CPU.Build.0 = Release|Any CPU
		{5F968727-9075-8B3D-A532-EB7DEA8DB257}.Debug|Any CPU.ActiveCfg = Debug|Any CPU
		{5F968727-9075-8B3D-A532-EB7DEA8DB257}.Debug|Any CPU.Build.0 = Debug|Any CPU
		{5F968727-9075-8B3D-A532-EB7DEA8DB257}.Release|Any CPU.ActiveCfg = Release|Any CPU
		{5F968727-9075-8B3D-A532-EB7DEA8DB257}.Release|Any CPU.Build.0 = Release|Any CPU
		{3BF947F6-A50E-4492-5EE0-27A0D8576A11}.Debug|Any CPU.ActiveCfg = Debug|Any CPU
		{3BF947F6-A50E-4492-5EE0-27A0D8576A11}.Debug|Any CPU.Build.0 = Debug|Any CPU
		{3BF947F6-A50E-4492-5EE0-27A0D8576A11}.Release|Any CPU.ActiveCfg = Release|Any CPU
		{3BF947F6-A50E-4492-5EE0-27A0D8576A11}.Release|Any CPU.Build.0 = Release|Any CPU
		{A1915E99-B947-900E-530D-03EE7A10DFD3}.Debug|Any CPU.ActiveCfg = Debug|Any CPU
		{A1915E99-B947-900E-530D-03EE7A10DFD3}.Debug|Any CPU.Build.0 = Debug|Any CPU
		{A1915E99-B947-900E-530D-03EE7A10DFD3}.Release|Any CPU.ActiveCfg = Release|Any CPU
		{A1915E99-B947-900E-530D-03EE7A10DFD3}.Release|Any CPU.Build.0 = Release|Any CPU
	EndGlobalSection
	GlobalSection(SolutionProperties) = preSolution
		HideSolutionNode = FALSE
	EndGlobalSection
	GlobalSection(MonoDevelopProperties) = preSolution
		StartupItem = Assembly-CSharp.csproj
	EndGlobalSection
EndGlobal
